
Microsoft Visual Studio Solution File, Format Version 12.00
# Visual Studio Version 17
VisualStudioVersion = 17.8.34330.188
MinimumVisualStudioVersion = 10.0.40219.1
Project("{FAE04EC0-301F-11D3-BF4B-00C04F79EFBC}") = "StudMarks", "StudMarks\StudMarks.csproj", "{7456FF16-CA8B-48B1-BF29-96054585EA50}"
EndProject
Global
	GlobalSection(SolutionConfigurationPlatforms) = preSolution
		Debug|Any CPU = Debug|Any CPU
		Release|Any CPU = Release|Any CPU
	EndGlobalSection
	GlobalSection(ProjectConfigurationPlatforms) = postSolution
		{7456FF16-CA8B-48B1-BF29-96054585EA50}.Debug|Any CPU.ActiveCfg = Debug|Any CPU
		{7456FF16-CA8B-48B1-BF29-96054585EA50}.Debug|Any CPU.Build.0 = Debug|Any CPU
		{7456FF16-CA8B-48B1-BF29-96054585EA50}.Release|Any CPU.ActiveCfg = Release|Any CPU
		{7456FF16-CA8B-48B1-BF29-96054585EA50}.Release|Any CPU.Build.0 = Release|Any CPU
	EndGlobalSection
	GlobalSection(SolutionProperties) = preSolution
		HideSolutionNode = FALSE
	EndGlobalSection
	GlobalSection(ExtensibilityGlobals) = postSolution
		SolutionGuid = {695008E2-CBE2-433A-BA6B-446015ED2086}
	EndGlobalSection
EndGlobal
